
Microsoft Visual Studio Solution File, Format Version 12.00
# Visual Studio Version 16
VisualStudioVersion = 16.0.28803.202
MinimumVisualStudioVersion = 10.0.40219.1
Project("{FAE04EC0-301F-11D3-BF4B-00C04F79EFBC}") = "WebApplication1", "WebApplication1\WebApplication1.csproj", "{15AE7CC2-85E9-423A-B37B-D37D7D4929C1}"
EndProject
Project("{FAE04EC0-301F-11D3-BF4B-00C04F79EFBC}") = "PrepareTemplate", "PrepareTemplate\PrepareTemplate.csproj", "{FA4DB873-0F7C-4C51-AA53-89A3A3065584}"
EndProject
Global
	GlobalSection(SolutionConfigurationPlatforms) = preSolution
		Debug|Any CPU = Debug|Any CPU
		Release|Any CPU = Release|Any CPU
	EndGlobalSection
	GlobalSection(ProjectConfigurationPlatforms) = postSolution
		{15AE7CC2-85E9-423A-B37B-D37D7D4929C1}.Debug|Any CPU.ActiveCfg = Debug|Any CPU
		{15AE7CC2-85E9-423A-B37B-D37D7D4929C1}.Debug|Any CPU.Build.0 = Debug|Any CPU
		{15AE7CC2-85E9-423A-B37B-D37D7D4929C1}.Release|Any CPU.ActiveCfg = Release|Any CPU
		{15AE7CC2-85E9-423A-B37B-D37D7D4929C1}.Release|Any CPU.Build.0 = Release|Any CPU
		{FA4DB873-0F7C-4C51-AA53-89A3A3065584}.Debug|Any CPU.ActiveCfg = Debug|Any CPU
		{FA4DB873-0F7C-4C51-AA53-89A3A3065584}.Debug|Any CPU.Build.0 = Debug|Any CPU
		{FA4DB873-0F7C-4C51-AA53-89A3A3065584}.Release|Any CPU.ActiveCfg = Release|Any CPU
		{FA4DB873-0F7C-4C51-AA53-89A3A3065584}.Release|Any CPU.Build.0 = Release|Any CPU
	EndGlobalSection
	GlobalSection(SolutionProperties) = preSolution
		HideSolutionNode = FALSE
	EndGlobalSection
	GlobalSection(ExtensibilityGlobals) = postSolution
		SolutionGuid = {DC3D3A0D-D78B-4EA2-A5DC-63B9866B4B9B}
	EndGlobalSection
EndGlobal
